
Microsoft Visual Studio Solution File, Format Version 12.00
# Visual Studio 14
VisualStudioVersion = 14.0.25420.1
MinimumVisualStudioVersion = 10.0.40219.1
Project("{FAE04EC0-301F-11D3-BF4B-00C04F79EFBC}") = "DocumentsManager.Data.Test", "DocumentsManagerTesting\DocumentsManager.Data.Test.csproj", "{72648F2B-A491-4D2A-BA67-E66BE79439FE}"
EndProject
Project("{FAE04EC0-301F-11D3-BF4B-00C04F79EFBC}") = "DocumentsManger.Data", "DocumentsMangerEntities\DocumentsManger.Data.csproj", "{80D195AE-B71A-465A-A588-7397AE023E8F}"
EndProject
Project("{FAE04EC0-301F-11D3-BF4B-00C04F79EFBC}") = "DocumentsManager.Data.DA.Test", "DocumentsManagerDATesting\DocumentsManager.Data.DA.Test.csproj", "{3D06630F-61EC-4AAA-BC6D-294022DC3F89}"
EndProject
Project("{FAE04EC0-301F-11D3-BF4B-00C04F79EFBC}") = "DocumentsManager.Data.DA", "DocumentsManagerDataAccess\DocumentsManager.Data.DA.csproj", "{58405487-5C94-4569-8171-0ED3889C9A03}"
EndProject
Project("{FAE04EC0-301F-11D3-BF4B-00C04F79EFBC}") = "DocumentsManager.Data.Instances", "DocumentsManagerExampleInstances\DocumentsManager.Data.Instances.csproj", "{C2B9AED8-4F48-48CB-817E-0D79606DFC6B}"
EndProject
Project("{FAE04EC0-301F-11D3-BF4B-00C04F79EFBC}") = "DocumentsManager.Data.Repository", "DocumentsManager.Data.Repository\DocumentsManager.Data.Repository.csproj", "{A0A4683D-CDE9-41C7-BE95-040B11E302E7}"
EndProject
Project("{FAE04EC0-301F-11D3-BF4B-00C04F79EFBC}") = "DocumentsManager.Data.DA.Handler", "DocumentsManager.Data.DA.Handler\DocumentsManager.Data.DA.Handler.csproj", "{08679660-B159-4575-9066-71059A3C33AF}"
EndProject
Project("{FAE04EC0-301F-11D3-BF4B-00C04F79EFBC}") = "DocumentsManager.Web.Api", "DocumentsManager.Web.Api\DocumentsManager.Web.Api.csproj", "{4F1E9CEE-1F58-4B0C-87C0-2C8C4CA57B00}"
EndProject
Project("{FAE04EC0-301F-11D3-BF4B-00C04F79EFBC}") = "DocumentsManager.BusinessLogic", "BusinessLogic\DocumentsManager.BusinessLogic.csproj", "{8B29DE6D-2EE3-4C95-8DF7-F890263F52CD}"
EndProject
Project("{FAE04EC0-301F-11D3-BF4B-00C04F79EFBC}") = "DocumentsManager.BusinessLogic.Tests", "DocumentsManager.BusinessLogic.Tests\DocumentsManager.BusinessLogic.Tests.csproj", "{F731CE6A-1AEB-4394-AC3E-B4B273B1DE49}"
EndProject
Project("{FAE04EC0-301F-11D3-BF4B-00C04F79EFBC}") = "DocumentsManager.Exceptions", "DocumentsManager.Exceptions\DocumentsManager.Exceptions.csproj", "{34E362D2-1A27-48BB-8FE5-91A89124B556}"
EndProject
Project("{FAE04EC0-301F-11D3-BF4B-00C04F79EFBC}") = "DocumentsManager.AuthenticationToken", "DocumentsManager.AuthenticationToken\DocumentsManager.AuthenticationToken.csproj", "{4E29186B-65BD-422B-B4CB-6E3C81D83241}"
EndProject
Project("{FAE04EC0-301F-11D3-BF4B-00C04F79EFBC}") = "DocumentsManager.WinApp", "DocumentsManager.WinApp\DocumentsManager.WinApp.csproj", "{5A4CBBA4-91CD-4886-A1C3-28530E91489C}"
EndProject
Project("{FAE04EC0-301F-11D3-BF4B-00C04F79EFBC}") = "DocumentsManager.Data.Logger", "DocumentsManager.Data.Logger\DocumentsManager.Data.Logger.csproj", "{B3AADDFB-CB2B-4DA0-8F27-AF3DD2ED70AB}"
EndProject
Project("{FAE04EC0-301F-11D3-BF4B-00C04F79EFBC}") = "XMLFormatImport", "XMLFormatImport\XMLFormatImport.csproj", "{0289B175-B444-45E4-B373-8B142A488FDC}"
EndProject
Project("{FAE04EC0-301F-11D3-BF4B-00C04F79EFBC}") = "DocumentsManager.FormatImportation", "DocumentsManager.FormatImportation\DocumentsManager.FormatImportation.csproj", "{2150776E-D2F1-4CD4-81F4-2B05D18D4C14}"
EndProject
Project("{FAE04EC0-301F-11D3-BF4B-00C04F79EFBC}") = "DocumentsManager.FormatImportationTest", "DocumentsManager.FormatImportationTest\DocumentsManager.FormatImportationTest.csproj", "{260A0BFF-0C33-495A-9DF3-8BEB2A5B0DF9}"
EndProject
Project("{FAE04EC0-301F-11D3-BF4B-00C04F79EFBC}") = "DocumentsManager.ImportedItemsParser", "DocumentsManager.ImportedItemsParser\DocumentsManager.ImportedItemsParser.csproj", "{5E61CF6F-BB56-4866-B7C7-24E1456A4A42}"
EndProject
Project("{FAE04EC0-301F-11D3-BF4B-00C04F79EFBC}") = "DocumentsManager.ImportedItemsParserTest", "ImportedItemsParser\DocumentsManager.ImportedItemsParserTest.csproj", "{23B6915B-6823-4014-BB41-C340C5DA2E17}"
EndProject
Global
	GlobalSection(SolutionConfigurationPlatforms) = preSolution
		Debug|Any CPU = Debug|Any CPU
		Release|Any CPU = Release|Any CPU
	EndGlobalSection
	GlobalSection(ProjectConfigurationPlatforms) = postSolution
		{72648F2B-A491-4D2A-BA67-E66BE79439FE}.Debug|Any CPU.ActiveCfg = Debug|Any CPU
		{72648F2B-A491-4D2A-BA67-E66BE79439FE}.Debug|Any CPU.Build.0 = Debug|Any CPU
		{72648F2B-A491-4D2A-BA67-E66BE79439FE}.Release|Any CPU.ActiveCfg = Release|Any CPU
		{72648F2B-A491-4D2A-BA67-E66BE79439FE}.Release|Any CPU.Build.0 = Release|Any CPU
		{80D195AE-B71A-465A-A588-7397AE023E8F}.Debug|Any CPU.ActiveCfg = Debug|Any CPU
		{80D195AE-B71A-465A-A588-7397AE023E8F}.Debug|Any CPU.Build.0 = Debug|Any CPU
		{80D195AE-B71A-465A-A588-7397AE023E8F}.Release|Any CPU.ActiveCfg = Release|Any CPU
		{80D195AE-B71A-465A-A588-7397AE023E8F}.Release|Any CPU.Build.0 = Release|Any CPU
		{3D06630F-61EC-4AAA-BC6D-294022DC3F89}.Debug|Any CPU.ActiveCfg = Debug|Any CPU
		{3D06630F-61EC-4AAA-BC6D-294022DC3F89}.Debug|Any CPU.Build.0 = Debug|Any CPU
		{3D06630F-61EC-4AAA-BC6D-294022DC3F89}.Release|Any CPU.ActiveCfg = Release|Any CPU
		{3D06630F-61EC-4AAA-BC6D-294022DC3F89}.Release|Any CPU.Build.0 = Release|Any CPU
		{58405487-5C94-4569-8171-0ED3889C9A03}.Debug|Any CPU.ActiveCfg = Debug|Any CPU
		{58405487-5C94-4569-8171-0ED3889C9A03}.Debug|Any CPU.Build.0 = Debug|Any CPU
		{58405487-5C94-4569-8171-0ED3889C9A03}.Release|Any CPU.ActiveCfg = Release|Any CPU
		{58405487-5C94-4569-8171-0ED3889C9A03}.Release|Any CPU.Build.0 = Release|Any CPU
		{C2B9AED8-4F48-48CB-817E-0D79606DFC6B}.Debug|Any CPU.ActiveCfg = Debug|Any CPU
		{C2B9AED8-4F48-48CB-817E-0D79606DFC6B}.Debug|Any CPU.Build.0 = Debug|Any CPU
		{C2B9AED8-4F48-48CB-817E-0D79606DFC6B}.Release|Any CPU.ActiveCfg = Release|Any CPU
		{C2B9AED8-4F48-48CB-817E-0D79606DFC6B}.Release|Any CPU.Build.0 = Release|Any CPU
		{A0A4683D-CDE9-41C7-BE95-040B11E302E7}.Debug|Any CPU.ActiveCfg = Debug|Any CPU
		{A0A4683D-CDE9-41C7-BE95-040B11E302E7}.Debug|Any CPU.Build.0 = Debug|Any CPU
		{A0A4683D-CDE9-41C7-BE95-040B11E302E7}.Release|Any CPU.ActiveCfg = Release|Any CPU
		{A0A4683D-CDE9-41C7-BE95-040B11E302E7}.Release|Any CPU.Build.0 = Release|Any CPU
		{08679660-B159-4575-9066-71059A3C33AF}.Debug|Any CPU.ActiveCfg = Debug|Any CPU
		{08679660-B159-4575-9066-71059A3C33AF}.Debug|Any CPU.Build.0 = Debug|Any CPU
		{08679660-B159-4575-9066-71059A3C33AF}.Release|Any CPU.ActiveCfg = Release|Any CPU
		{08679660-B159-4575-9066-71059A3C33AF}.Release|Any CPU.Build.0 = Release|Any CPU
		{4F1E9CEE-1F58-4B0C-87C0-2C8C4CA57B00}.Debug|Any CPU.ActiveCfg = Debug|Any CPU
		{4F1E9CEE-1F58-4B0C-87C0-2C8C4CA57B00}.Debug|Any CPU.Build.0 = Debug|Any CPU
		{4F1E9CEE-1F58-4B0C-87C0-2C8C4CA57B00}.Release|Any CPU.ActiveCfg = Release|Any CPU
		{4F1E9CEE-1F58-4B0C-87C0-2C8C4CA57B00}.Release|Any CPU.Build.0 = Release|Any CPU
		{8B29DE6D-2EE3-4C95-8DF7-F890263F52CD}.Debug|Any CPU.ActiveCfg = Debug|Any CPU
		{8B29DE6D-2EE3-4C95-8DF7-F890263F52CD}.Debug|Any CPU.Build.0 = Debug|Any CPU
		{8B29DE6D-2EE3-4C95-8DF7-F890263F52CD}.Release|Any CPU.ActiveCfg = Release|Any CPU
		{8B29DE6D-2EE3-4C95-8DF7-F890263F52CD}.Release|Any CPU.Build.0 = Release|Any CPU
		{F731CE6A-1AEB-4394-AC3E-B4B273B1DE49}.Debug|Any CPU.ActiveCfg = Debug|Any CPU
		{F731CE6A-1AEB-4394-AC3E-B4B273B1DE49}.Debug|Any CPU.Build.0 = Debug|Any CPU
		{F731CE6A-1AEB-4394-AC3E-B4B273B1DE49}.Release|Any CPU.ActiveCfg = Release|Any CPU
		{F731CE6A-1AEB-4394-AC3E-B4B273B1DE49}.Release|Any CPU.Build.0 = Release|Any CPU
		{34E362D2-1A27-48BB-8FE5-91A89124B556}.Debug|Any CPU.ActiveCfg = Debug|Any CPU
		{34E362D2-1A27-48BB-8FE5-91A89124B556}.Debug|Any CPU.Build.0 = Debug|Any CPU
		{34E362D2-1A27-48BB-8FE5-91A89124B556}.Release|Any CPU.ActiveCfg = Release|Any CPU
		{34E362D2-1A27-48BB-8FE5-91A89124B556}.Release|Any CPU.Build.0 = Release|Any CPU
		{4E29186B-65BD-422B-B4CB-6E3C81D83241}.Debug|Any CPU.ActiveCfg = Debug|Any CPU
		{4E29186B-65BD-422B-B4CB-6E3C81D83241}.Debug|Any CPU.Build.0 = Debug|Any CPU
		{4E29186B-65BD-422B-B4CB-6E3C81D83241}.Release|Any CPU.ActiveCfg = Release|Any CPU
		{4E29186B-65BD-422B-B4CB-6E3C81D83241}.Release|Any CPU.Build.0 = Release|Any CPU
		{5A4CBBA4-91CD-4886-A1C3-28530E91489C}.Debug|Any CPU.ActiveCfg = Debug|Any CPU
		{5A4CBBA4-91CD-4886-A1C3-28530E91489C}.Debug|Any CPU.Build.0 = Debug|Any CPU
		{5A4CBBA4-91CD-4886-A1C3-28530E91489C}.Release|Any CPU.ActiveCfg = Release|Any CPU
		{5A4CBBA4-91CD-4886-A1C3-28530E91489C}.Release|Any CPU.Build.0 = Release|Any CPU
		{B3AADDFB-CB2B-4DA0-8F27-AF3DD2ED70AB}.Debug|Any CPU.ActiveCfg = Debug|Any CPU
		{B3AADDFB-CB2B-4DA0-8F27-AF3DD2ED70AB}.Debug|Any CPU.Build.0 = Debug|Any CPU
		{B3AADDFB-CB2B-4DA0-8F27-AF3DD2ED70AB}.Release|Any CPU.ActiveCfg = Release|Any CPU
		{B3AADDFB-CB2B-4DA0-8F27-AF3DD2ED70AB}.Release|Any CPU.Build.0 = Release|Any CPU
		{0289B175-B444-45E4-B373-8B142A488FDC}.Debug|Any CPU.ActiveCfg = Debug|Any CPU
		{0289B175-B444-45E4-B373-8B142A488FDC}.Debug|Any CPU.Build.0 = Debug|Any CPU
		{0289B175-B444-45E4-B373-8B142A488FDC}.Release|Any CPU.ActiveCfg = Release|Any CPU
		{0289B175-B444-45E4-B373-8B142A488FDC}.Release|Any CPU.Build.0 = Release|Any CPU
		{2150776E-D2F1-4CD4-81F4-2B05D18D4C14}.Debug|Any CPU.ActiveCfg = Debug|Any CPU
		{2150776E-D2F1-4CD4-81F4-2B05D18D4C14}.Debug|Any CPU.Build.0 = Debug|Any CPU
		{2150776E-D2F1-4CD4-81F4-2B05D18D4C14}.Release|Any CPU.ActiveCfg = Release|Any CPU
		{2150776E-D2F1-4CD4-81F4-2B05D18D4C14}.Release|Any CPU.Build.0 = Release|Any CPU
		{260A0BFF-0C33-495A-9DF3-8BEB2A5B0DF9}.Debug|Any CPU.ActiveCfg = Debug|Any CPU
		{260A0BFF-0C33-495A-9DF3-8BEB2A5B0DF9}.Debug|Any CPU.Build.0 = Debug|Any CPU
		{260A0BFF-0C33-495A-9DF3-8BEB2A5B0DF9}.Release|Any CPU.ActiveCfg = Release|Any CPU
		{260A0BFF-0C33-495A-9DF3-8BEB2A5B0DF9}.Release|Any CPU.Build.0 = Release|Any CPU
		{5E61CF6F-BB56-4866-B7C7-24E1456A4A42}.Debug|Any CPU.ActiveCfg = Debug|Any CPU
		{5E61CF6F-BB56-4866-B7C7-24E1456A4A42}.Debug|Any CPU.Build.0 = Debug|Any CPU
		{5E61CF6F-BB56-4866-B7C7-24E1456A4A42}.Release|Any CPU.ActiveCfg = Release|Any CPU
		{5E61CF6F-BB56-4866-B7C7-24E1456A4A42}.Release|Any CPU.Build.0 = Release|Any CPU
		{23B6915B-6823-4014-BB41-C340C5DA2E17}.Debug|Any CPU.ActiveCfg = Debug|Any CPU
		{23B6915B-6823-4014-BB41-C340C5DA2E17}.Debug|Any CPU.Build.0 = Debug|Any CPU
		{23B6915B-6823-4014-BB41-C340C5DA2E17}.Release|Any CPU.ActiveCfg = Release|Any CPU
		{23B6915B-6823-4014-BB41-C340C5DA2E17}.Release|Any CPU.Build.0 = Release|Any CPU
	EndGlobalSection
	GlobalSection(SolutionProperties) = preSolution
		HideSolutionNode = FALSE
	EndGlobalSection
EndGlobal
