
Microsoft Visual Studio Solution File, Format Version 12.00
# Visual Studio 14
VisualStudioVersion = 14.0.25420.1
MinimumVisualStudioVersion = 10.0.40219.1
Project("{FAE04EC0-301F-11D3-BF4B-00C04F79EFBC}") = "DocumentsManagerTesting", "DocumentsManagerTesting\DocumentsManagerTesting.csproj", "{72648F2B-A491-4D2A-BA67-E66BE79439FE}"
EndProject
Project("{FAE04EC0-301F-11D3-BF4B-00C04F79EFBC}") = "DocumentsMangerEntities", "DocumentsMangerEntities\DocumentsMangerEntities.csproj", "{80D195AE-B71A-465A-A588-7397AE023E8F}"
EndProject
Project("{FAE04EC0-301F-11D3-BF4B-00C04F79EFBC}") = "DocumentsManagerDATesting", "DocumentsManagerDATesting\DocumentsManagerDATesting.csproj", "{3D06630F-61EC-4AAA-BC6D-294022DC3F89}"
EndProject
Project("{FAE04EC0-301F-11D3-BF4B-00C04F79EFBC}") = "DocumentsManagerDataAccess", "DocumentsManagerDataAccess\DocumentsManagerDataAccess.csproj", "{58405487-5C94-4569-8171-0ED3889C9A03}"
EndProject
Project("{FAE04EC0-301F-11D3-BF4B-00C04F79EFBC}") = "DocumentsManagerExampleInstances", "DocumentsManagerExampleInstances\DocumentsManagerExampleInstances.csproj", "{C2B9AED8-4F48-48CB-817E-0D79606DFC6B}"
EndProject
Global
	GlobalSection(SolutionConfigurationPlatforms) = preSolution
		Debug|Any CPU = Debug|Any CPU
		Release|Any CPU = Release|Any CPU
	EndGlobalSection
	GlobalSection(ProjectConfigurationPlatforms) = postSolution
		{72648F2B-A491-4D2A-BA67-E66BE79439FE}.Debug|Any CPU.ActiveCfg = Debug|Any CPU
		{72648F2B-A491-4D2A-BA67-E66BE79439FE}.Debug|Any CPU.Build.0 = Debug|Any CPU
		{72648F2B-A491-4D2A-BA67-E66BE79439FE}.Release|Any CPU.ActiveCfg = Release|Any CPU
		{72648F2B-A491-4D2A-BA67-E66BE79439FE}.Release|Any CPU.Build.0 = Release|Any CPU
		{80D195AE-B71A-465A-A588-7397AE023E8F}.Debug|Any CPU.ActiveCfg = Debug|Any CPU
		{80D195AE-B71A-465A-A588-7397AE023E8F}.Debug|Any CPU.Build.0 = Debug|Any CPU
		{80D195AE-B71A-465A-A588-7397AE023E8F}.Release|Any CPU.ActiveCfg = Release|Any CPU
		{80D195AE-B71A-465A-A588-7397AE023E8F}.Release|Any CPU.Build.0 = Release|Any CPU
		{3D06630F-61EC-4AAA-BC6D-294022DC3F89}.Debug|Any CPU.ActiveCfg = Debug|Any CPU
		{3D06630F-61EC-4AAA-BC6D-294022DC3F89}.Debug|Any CPU.Build.0 = Debug|Any CPU
		{3D06630F-61EC-4AAA-BC6D-294022DC3F89}.Release|Any CPU.ActiveCfg = Release|Any CPU
		{3D06630F-61EC-4AAA-BC6D-294022DC3F89}.Release|Any CPU.Build.0 = Release|Any CPU
		{58405487-5C94-4569-8171-0ED3889C9A03}.Debug|Any CPU.ActiveCfg = Debug|Any CPU
		{58405487-5C94-4569-8171-0ED3889C9A03}.Debug|Any CPU.Build.0 = Debug|Any CPU
		{58405487-5C94-4569-8171-0ED3889C9A03}.Release|Any CPU.ActiveCfg = Release|Any CPU
		{58405487-5C94-4569-8171-0ED3889C9A03}.Release|Any CPU.Build.0 = Release|Any CPU
		{C2B9AED8-4F48-48CB-817E-0D79606DFC6B}.Debug|Any CPU.ActiveCfg = Debug|Any CPU
		{C2B9AED8-4F48-48CB-817E-0D79606DFC6B}.Debug|Any CPU.Build.0 = Debug|Any CPU
		{C2B9AED8-4F48-48CB-817E-0D79606DFC6B}.Release|Any CPU.ActiveCfg = Release|Any CPU
		{C2B9AED8-4F48-48CB-817E-0D79606DFC6B}.Release|Any CPU.Build.0 = Release|Any CPU
	EndGlobalSection
	GlobalSection(SolutionProperties) = preSolution
		HideSolutionNode = FALSE
	EndGlobalSection
EndGlobal
